// !$*UTF8*$!
{
	archiveVersion = 1;
	classes = {
	};
	objectVersion = 51;
	objects = {

/* Begin PBXBuildFile section */
		7A10097A27828A4C00342571 /* JOSE FLAT FILE.csv in Resources */ = {isa = PBXBuildFile; fileRef = 7A10097927828A4C00342571 /* JOSE FLAT FILE.csv */; };
		7A100980278B6ABD00342571 /* Product.swift in Sources */ = {isa = PBXBuildFile; fileRef = 7A10097F278B6ABD00342571 /* Product.swift */; };
		7A100982278CF5E400342571 /* ProductDataEntry.swift in Sources */ = {isa = PBXBuildFile; fileRef = 7A100981278CF5E400342571 /* ProductDataEntry.swift */; };
		7A1E3B26274D5BCF0057673E /* AppDelegate.swift in Sources */ = {isa = PBXBuildFile; fileRef = 7A1E3B25274D5BCF0057673E /* AppDelegate.swift */; };
		7A1E3B28274D5BCF0057673E /* SceneDelegate.swift in Sources */ = {isa = PBXBuildFile; fileRef = 7A1E3B27274D5BCF0057673E /* SceneDelegate.swift */; };
		7A1E3B2A274D5BCF0057673E /* ViewController.swift in Sources */ = {isa = PBXBuildFile; fileRef = 7A1E3B29274D5BCF0057673E /* ViewController.swift */; };
		7A1E3B2D274D5BCF0057673E /* Main.storyboard in Resources */ = {isa = PBXBuildFile; fileRef = 7A1E3B2B274D5BCF0057673E /* Main.storyboard */; };
		7A1E3B2F274D5BD40057673E /* Assets.xcassets in Resources */ = {isa = PBXBuildFile; fileRef = 7A1E3B2E274D5BD40057673E /* Assets.xcassets */; };
		7A1E3B32274D5BD40057673E /* LaunchScreen.storyboard in Resources */ = {isa = PBXBuildFile; fileRef = 7A1E3B30274D5BD40057673E /* LaunchScreen.storyboard */; };
		7A1E3B3A2752A2C70057673E /* logo1.png in Resources */ = {isa = PBXBuildFile; fileRef = 7A1E3B392752A2C70057673E /* logo1.png */; };
		7A1E3B422752B6740057673E /* TableViewController.xib in Resources */ = {isa = PBXBuildFile; fileRef = 7A1E3B402752B6740057673E /* TableViewController.xib */; };
		7A1E3B442752C2AD0057673E /* TableViewController.swift in Sources */ = {isa = PBXBuildFile; fileRef = 7A1E3B432752C2AD0057673E /* TableViewController.swift */; };
		7A1E3B462752DE4A0057673E /* ReviewViewController.swift in Sources */ = {isa = PBXBuildFile; fileRef = 7A1E3B452752DE4A0057673E /* ReviewViewController.swift */; };
		C6FECA256FC779A360BF2DE2 /* Pods_RCSInventory.framework in Frameworks */ = {isa = PBXBuildFile; fileRef = 0CBD3CE1A8C88BC1AA9ED969 /* Pods_RCSInventory.framework */; };
/* End PBXBuildFile section */

/* Begin PBXFileReference section */
		0CBD3CE1A8C88BC1AA9ED969 /* Pods_RCSInventory.framework */ = {isa = PBXFileReference; explicitFileType = wrapper.framework; includeInIndex = 0; path = Pods_RCSInventory.framework; sourceTree = BUILT_PRODUCTS_DIR; };
		7A10097927828A4C00342571 /* JOSE FLAT FILE.csv */ = {isa = PBXFileReference; fileEncoding = 4; lastKnownFileType = text; name = "JOSE FLAT FILE.csv"; path = "../../../../Library/Containers/com.apple.mail/Data/Library/Mail Downloads/0E924469-017F-4520-A889-3BED45B304B2/JOSE FLAT FILE.csv"; sourceTree = "<group>"; };
		7A10097B2785046000342571 /* JOSE FLAT FILE.xlsx */ = {isa = PBXFileReference; lastKnownFileType = file; name = "JOSE FLAT FILE.xlsx"; path = "../../../JOSE FLAT FILE.xlsx"; sourceTree = "<group>"; };
		7A10097F278B6ABD00342571 /* Product.swift */ = {isa = PBXFileReference; lastKnownFileType = sourcecode.swift; path = Product.swift; sourceTree = "<group>"; };
		7A100981278CF5E400342571 /* ProductDataEntry.swift */ = {isa = PBXFileReference; lastKnownFileType = sourcecode.swift; path = ProductDataEntry.swift; sourceTree = "<group>"; };
		7A1E3B22274D5BCF0057673E /* RCSInventory.app */ = {isa = PBXFileReference; explicitFileType = wrapper.application; includeInIndex = 0; path = RCSInventory.app; sourceTree = BUILT_PRODUCTS_DIR; };
		7A1E3B25274D5BCF0057673E /* AppDelegate.swift */ = {isa = PBXFileReference; lastKnownFileType = sourcecode.swift; path = AppDelegate.swift; sourceTree = "<group>"; };
		7A1E3B27274D5BCF0057673E /* SceneDelegate.swift */ = {isa = PBXFileReference; lastKnownFileType = sourcecode.swift; path = SceneDelegate.swift; sourceTree = "<group>"; };
		7A1E3B29274D5BCF0057673E /* ViewController.swift */ = {isa = PBXFileReference; lastKnownFileType = sourcecode.swift; path = ViewController.swift; sourceTree = "<group>"; };
		7A1E3B2C274D5BCF0057673E /* Base */ = {isa = PBXFileReference; lastKnownFileType = file.storyboard; name = Base; path = Base.lproj/Main.storyboard; sourceTree = "<group>"; };
		7A1E3B2E274D5BD40057673E /* Assets.xcassets */ = {isa = PBXFileReference; lastKnownFileType = folder.assetcatalog; path = Assets.xcassets; sourceTree = "<group>"; };
		7A1E3B31274D5BD40057673E /* Base */ = {isa = PBXFileReference; lastKnownFileType = file.storyboard; name = Base; path = Base.lproj/LaunchScreen.storyboard; sourceTree = "<group>"; };
		7A1E3B33274D5BD40057673E /* Info.plist */ = {isa = PBXFileReference; lastKnownFileType = text.plist.xml; path = Info.plist; sourceTree = "<group>"; };
		7A1E3B392752A2C70057673E /* logo1.png */ = {isa = PBXFileReference; lastKnownFileType = image.png; name = logo1.png; path = ../../../logo1.png; sourceTree = "<group>"; };
		7A1E3B402752B6740057673E /* TableViewController.xib */ = {isa = PBXFileReference; lastKnownFileType = file.xib; path = TableViewController.xib; sourceTree = "<group>"; };
		7A1E3B432752C2AD0057673E /* TableViewController.swift */ = {isa = PBXFileReference; lastKnownFileType = sourcecode.swift; path = TableViewController.swift; sourceTree = "<group>"; };
		7A1E3B452752DE4A0057673E /* ReviewViewController.swift */ = {isa = PBXFileReference; lastKnownFileType = sourcecode.swift; path = ReviewViewController.swift; sourceTree = "<group>"; };
		D961C8BF5B372C55DC954D6F /* Pods-RCSInventory.debug.xcconfig */ = {isa = PBXFileReference; includeInIndex = 1; lastKnownFileType = text.xcconfig; name = "Pods-RCSInventory.debug.xcconfig"; path = "Target Support Files/Pods-RCSInventory/Pods-RCSInventory.debug.xcconfig"; sourceTree = "<group>"; };
		F837FEA389DB244BD7E40AF9 /* Pods-RCSInventory.release.xcconfig */ = {isa = PBXFileReference; includeInIndex = 1; lastKnownFileType = text.xcconfig; name = "Pods-RCSInventory.release.xcconfig"; path = "Target Support Files/Pods-RCSInventory/Pods-RCSInventory.release.xcconfig"; sourceTree = "<group>"; };
/* End PBXFileReference section */

/* Begin PBXFrameworksBuildPhase section */
		7A1E3B1F274D5BCF0057673E /* Frameworks */ = {
			isa = PBXFrameworksBuildPhase;
			buildActionMask = 2147483647;
			files = (
				C6FECA256FC779A360BF2DE2 /* Pods_RCSInventory.framework in Frameworks */,
			);
			runOnlyForDeploymentPostprocessing = 0;
		};
/* End PBXFrameworksBuildPhase section */

/* Begin PBXGroup section */
		7A1E3B19274D5BCF0057673E = {
			isa = PBXGroup;
			children = (
				7A1E3B24274D5BCF0057673E /* RCSInventory */,
				7A1E3B23274D5BCF0057673E /* Products */,
				DBB3690CD75DA269A955C129 /* Pods */,
				D7EA934965B8E8C5854A1FFB /* Frameworks */,
			);
			sourceTree = "<group>";
		};
		7A1E3B23274D5BCF0057673E /* Products */ = {
			isa = PBXGroup;
			children = (
				7A1E3B22274D5BCF0057673E /* RCSInventory.app */,
			);
			name = Products;
			sourceTree = "<group>";
		};
		7A1E3B24274D5BCF0057673E /* RCSInventory */ = {
			isa = PBXGroup;
			children = (
				7A10097B2785046000342571 /* JOSE FLAT FILE.xlsx */,
				7A10097927828A4C00342571 /* JOSE FLAT FILE.csv */,
				7A6D23AF277B8429002C42A2 /* Model */,
				7A6D23B0277B8434002C42A2 /* View */,
				7A6D23B1277B843B002C42A2 /* Controller */,
				7A1E3B25274D5BCF0057673E /* AppDelegate.swift */,
				7A1E3B27274D5BCF0057673E /* SceneDelegate.swift */,
				7A1E3B2E274D5BD40057673E /* Assets.xcassets */,
				7A1E3B392752A2C70057673E /* logo1.png */,
				7A1E3B30274D5BD40057673E /* LaunchScreen.storyboard */,
				7A1E3B33274D5BD40057673E /* Info.plist */,
			);
			path = RCSInventory;
			sourceTree = "<group>";
		};
		7A6D23AF277B8429002C42A2 /* Model */ = {
			isa = PBXGroup;
			children = (
				7A10097F278B6ABD00342571 /* Product.swift */,
				7A1E3B432752C2AD0057673E /* TableViewController.swift */,
				7A100981278CF5E400342571 /* ProductDataEntry.swift */,
			);
			path = Model;
			sourceTree = "<group>";
		};
		7A6D23B0277B8434002C42A2 /* View */ = {
			isa = PBXGroup;
			children = (
				7A1E3B402752B6740057673E /* TableViewController.xib */,
				7A1E3B2B274D5BCF0057673E /* Main.storyboard */,
			);
			path = View;
			sourceTree = "<group>";
		};
		7A6D23B1277B843B002C42A2 /* Controller */ = {
			isa = PBXGroup;
			children = (
				7A1E3B29274D5BCF0057673E /* ViewController.swift */,
				7A1E3B452752DE4A0057673E /* ReviewViewController.swift */,
			);
			path = Controller;
			sourceTree = "<group>";
		};
		D7EA934965B8E8C5854A1FFB /* Frameworks */ = {
			isa = PBXGroup;
			children = (
				0CBD3CE1A8C88BC1AA9ED969 /* Pods_RCSInventory.framework */,
			);
			name = Frameworks;
			sourceTree = "<group>";
		};
		DBB3690CD75DA269A955C129 /* Pods */ = {
			isa = PBXGroup;
			children = (
				D961C8BF5B372C55DC954D6F /* Pods-RCSInventory.debug.xcconfig */,
				F837FEA389DB244BD7E40AF9 /* Pods-RCSInventory.release.xcconfig */,
			);
			path = Pods;
			sourceTree = "<group>";
		};
/* End PBXGroup section */

/* Begin PBXNativeTarget section */
		7A1E3B21274D5BCF0057673E /* RCSInventory */ = {
			isa = PBXNativeTarget;
			buildConfigurationList = 7A1E3B36274D5BD40057673E /* Build configuration list for PBXNativeTarget "RCSInventory" */;
			buildPhases = (
				A42D6D05AFAB82D98DD5EE8F /* [CP] Check Pods Manifest.lock */,
				7A1E3B1E274D5BCF0057673E /* Sources */,
				7A1E3B1F274D5BCF0057673E /* Frameworks */,
				7A1E3B20274D5BCF0057673E /* Resources */,
				E73C389315B38F0E7BE3D79C /* [CP] Embed Pods Frameworks */,
			);
			buildRules = (
			);
			dependencies = (
			);
			name = RCSInventory;
			productName = RCSInventory;
			productReference = 7A1E3B22274D5BCF0057673E /* RCSInventory.app */;
			productType = "com.apple.product-type.application";
		};
/* End PBXNativeTarget section */

/* Begin PBXProject section */
		7A1E3B1A274D5BCF0057673E /* Project object */ = {
			isa = PBXProject;
			attributes = {
				LastSwiftUpdateCheck = 1250;
				LastUpgradeCheck = 1250;
				TargetAttributes = {
					7A1E3B21274D5BCF0057673E = {
						CreatedOnToolsVersion = 12.5.1;
					};
				};
			};
			buildConfigurationList = 7A1E3B1D274D5BCF0057673E /* Build configuration list for PBXProject "RCSInventory" */;
			compatibilityVersion = "Xcode 9.3";
			developmentRegion = en;
			hasScannedForEncodings = 0;
			knownRegions = (
				en,
				Base,
			);
			mainGroup = 7A1E3B19274D5BCF0057673E;
			productRefGroup = 7A1E3B23274D5BCF0057673E /* Products */;
			projectDirPath = "";
			projectRoot = "";
			targets = (
				7A1E3B21274D5BCF0057673E /* RCSInventory */,
			);
		};
/* End PBXProject section */

/* Begin PBXResourcesBuildPhase section */
		7A1E3B20274D5BCF0057673E /* Resources */ = {
			isa = PBXResourcesBuildPhase;
			buildActionMask = 2147483647;
			files = (
				7A1E3B32274D5BD40057673E /* LaunchScreen.storyboard in Resources */,
				7A1E3B2F274D5BD40057673E /* Assets.xcassets in Resources */,
				7A10097A27828A4C00342571 /* JOSE FLAT FILE.csv in Resources */,
				7A1E3B3A2752A2C70057673E /* logo1.png in Resources */,
				7A1E3B422752B6740057673E /* TableViewController.xib in Resources */,
				7A1E3B2D274D5BCF0057673E /* Main.storyboard in Resources */,
			);
			runOnlyForDeploymentPostprocessing = 0;
		};
/* End PBXResourcesBuildPhase section */

/* Begin PBXShellScriptBuildPhase section */
		A42D6D05AFAB82D98DD5EE8F /* [CP] Check Pods Manifest.lock */ = {
			isa = PBXShellScriptBuildPhase;
			buildActionMask = 2147483647;
			files = (
			);
			inputFileListPaths = (
			);
			inputPaths = (
				"${PODS_PODFILE_DIR_PATH}/Podfile.lock",
				"${PODS_ROOT}/Manifest.lock",
			);
			name = "[CP] Check Pods Manifest.lock";
			outputFileListPaths = (
			);
			outputPaths = (
				"$(DERIVED_FILE_DIR)/Pods-RCSInventory-checkManifestLockResult.txt",
			);
			runOnlyForDeploymentPostprocessing = 0;
			shellPath = /bin/sh;
			shellScript = "diff \"${PODS_PODFILE_DIR_PATH}/Podfile.lock\" \"${PODS_ROOT}/Manifest.lock\" > /dev/null\nif [ $? != 0 ] ; then\n    # print error to STDERR\n    echo \"error: The sandbox is not in sync with the Podfile.lock. Run 'pod install' or update your CocoaPods installation.\" >&2\n    exit 1\nfi\n# This output is used by Xcode 'outputs' to avoid re-running this script phase.\necho \"SUCCESS\" > \"${SCRIPT_OUTPUT_FILE_0}\"\n";
			showEnvVarsInLog = 0;
		};
		E73C389315B38F0E7BE3D79C /* [CP] Embed Pods Frameworks */ = {
			isa = PBXShellScriptBuildPhase;
			buildActionMask = 2147483647;
			files = (
			);
			inputFileListPaths = (
				"${PODS_ROOT}/Target Support Files/Pods-RCSInventory/Pods-RCSInventory-frameworks-${CONFIGURATION}-input-files.xcfilelist",
			);
			name = "[CP] Embed Pods Frameworks";
			outputFileListPaths = (
				"${PODS_ROOT}/Target Support Files/Pods-RCSInventory/Pods-RCSInventory-frameworks-${CONFIGURATION}-output-files.xcfilelist",
			);
			runOnlyForDeploymentPostprocessing = 0;
			shellPath = /bin/sh;
			shellScript = "\"${PODS_ROOT}/Target Support Files/Pods-RCSInventory/Pods-RCSInventory-frameworks.sh\"\n";
			showEnvVarsInLog = 0;
		};
/* End PBXShellScriptBuildPhase section */

/* Begin PBXSourcesBuildPhase section */
		7A1E3B1E274D5BCF0057673E /* Sources */ = {
			isa = PBXSourcesBuildPhase;
			buildActionMask = 2147483647;
			files = (
				7A1E3B2A274D5BCF0057673E /* ViewController.swift in Sources */,
				7A1E3B26274D5BCF0057673E /* AppDelegate.swift in Sources */,
				7A1E3B462752DE4A0057673E /* ReviewViewController.swift in Sources */,
				7A1E3B28274D5BCF0057673E /* SceneDelegate.swift in Sources */,
				7A100982278CF5E400342571 /* ProductDataEntry.swift in Sources */,
				7A1E3B442752C2AD0057673E /* TableViewController.swift in Sources */,
				7A100980278B6ABD00342571 /* Product.swift in Sources */,
			);
			runOnlyForDeploymentPostprocessing = 0;
		};
/* End PBXSourcesBuildPhase section */

/* Begin PBXVariantGroup section */
		7A1E3B2B274D5BCF0057673E /* Main.storyboard */ = {
			isa = PBXVariantGroup;
			children = (
				7A1E3B2C274D5BCF0057673E /* Base */,
			);
			name = Main.storyboard;
			sourceTree = "<group>";
		};
		7A1E3B30274D5BD40057673E /* LaunchScreen.storyboard */ = {
			isa = PBXVariantGroup;
			children = (
				7A1E3B31274D5BD40057673E /* Base */,
			);
			name = LaunchScreen.storyboard;
			sourceTree = "<group>";
		};
/* End PBXVariantGroup section */

/* Begin XCBuildConfiguration section */
		7A1E3B34274D5BD40057673E /* Debug */ = {
			isa = XCBuildConfiguration;
			buildSettings = {
				ALWAYS_SEARCH_USER_PATHS = NO;
				CLANG_ANALYZER_NONNULL = YES;
				CLANG_ANALYZER_NUMBER_OBJECT_CONVERSION = YES_AGGRESSIVE;
				CLANG_CXX_LANGUAGE_STANDARD = "gnu++14";
				CLANG_CXX_LIBRARY = "libc++";
				CLANG_ENABLE_MODULES = YES;
				CLANG_ENABLE_OBJC_ARC = YES;
				CLANG_ENABLE_OBJC_WEAK = YES;
				CLANG_WARN_BLOCK_CAPTURE_AUTORELEASING = YES;
				CLANG_WARN_BOOL_CONVERSION = YES;
				CLANG_WARN_COMMA = YES;
				CLANG_WARN_CONSTANT_CONVERSION = YES;
				CLANG_WARN_DEPRECATED_OBJC_IMPLEMENTATIONS = YES;
				CLANG_WARN_DIRECT_OBJC_ISA_USAGE = YES_ERROR;
				CLANG_WARN_DOCUMENTATION_COMMENTS = YES;
				CLANG_WARN_EMPTY_BODY = YES;
				CLANG_WARN_ENUM_CONVERSION = YES;
				CLANG_WARN_INFINITE_RECURSION = YES;
				CLANG_WARN_INT_CONVERSION = YES;
				CLANG_WARN_NON_LITERAL_NULL_CONVERSION = YES;
				CLANG_WARN_OBJC_IMPLICIT_RETAIN_SELF = YES;
				CLANG_WARN_OBJC_LITERAL_CONVERSION = YES;
				CLANG_WARN_OBJC_ROOT_CLASS = YES_ERROR;
				CLANG_WARN_QUOTED_INCLUDE_IN_FRAMEWORK_HEADER = YES;
				CLANG_WARN_RANGE_LOOP_ANALYSIS = YES;
				CLANG_WARN_STRICT_PROTOTYPES = YES;
				CLANG_WARN_SUSPICIOUS_MOVE = YES;
				CLANG_WARN_UNGUARDED_AVAILABILITY = YES_AGGRESSIVE;
				CLANG_WARN_UNREACHABLE_CODE = YES;
				CLANG_WARN__DUPLICATE_METHOD_MATCH = YES;
				COPY_PHASE_STRIP = NO;
				DEBUG_INFORMATION_FORMAT = dwarf;
				ENABLE_STRICT_OBJC_MSGSEND = YES;
				ENABLE_TESTABILITY = YES;
				GCC_C_LANGUAGE_STANDARD = gnu11;
				GCC_DYNAMIC_NO_PIC = NO;
				GCC_NO_COMMON_BLOCKS = YES;
				GCC_OPTIMIZATION_LEVEL = 0;
				GCC_PREPROCESSOR_DEFINITIONS = (
					"DEBUG=1",
					"$(inherited)",
				);
				GCC_WARN_64_TO_32_BIT_CONVERSION = YES;
				GCC_WARN_ABOUT_RETURN_TYPE = YES_ERROR;
				GCC_WARN_UNDECLARED_SELECTOR = YES;
				GCC_WARN_UNINITIALIZED_AUTOS = YES_AGGRESSIVE;
				GCC_WARN_UNUSED_FUNCTION = YES;
				GCC_WARN_UNUSED_VARIABLE = YES;
				IPHONEOS_DEPLOYMENT_TARGET = 14.5;
				MTL_ENABLE_DEBUG_INFO = INCLUDE_SOURCE;
				MTL_FAST_MATH = YES;
				ONLY_ACTIVE_ARCH = YES;
				SDKROOT = iphoneos;
				SWIFT_ACTIVE_COMPILATION_CONDITIONS = DEBUG;
				SWIFT_OPTIMIZATION_LEVEL = "-Onone";
			};
			name = Debug;
		};
		7A1E3B35274D5BD40057673E /* Release */ = {
			isa = XCBuildConfiguration;
			buildSettings = {
				ALWAYS_SEARCH_USER_PATHS = NO;
				CLANG_ANALYZER_NONNULL = YES;
				CLANG_ANALYZER_NUMBER_OBJECT_CONVERSION = YES_AGGRESSIVE;
				CLANG_CXX_LANGUAGE_STANDARD = "gnu++14";
				CLANG_CXX_LIBRARY = "libc++";
				CLANG_ENABLE_MODULES = YES;
				CLANG_ENABLE_OBJC_ARC = YES;
				CLANG_ENABLE_OBJC_WEAK = YES;
				CLANG_WARN_BLOCK_CAPTURE_AUTORELEASING = YES;
				CLANG_WARN_BOOL_CONVERSION = YES;
				CLANG_WARN_COMMA = YES;
				CLANG_WARN_CONSTANT_CONVERSION = YES;
				CLANG_WARN_DEPRECATED_OBJC_IMPLEMENTATIONS = YES;
				CLANG_WARN_DIRECT_OBJC_ISA_USAGE = YES_ERROR;
				CLANG_WARN_DOCUMENTATION_COMMENTS = YES;
				CLANG_WARN_EMPTY_BODY = YES;
				CLANG_WARN_ENUM_CONVERSION = YES;
				CLANG_WARN_INFINITE_RECURSION = YES;
				CLANG_WARN_INT_CONVERSION = YES;
				CLANG_WARN_NON_LITERAL_NULL_CONVERSION = YES;
				CLANG_WARN_OBJC_IMPLICIT_RETAIN_SELF = YES;
				CLANG_WARN_OBJC_LITERAL_CONVERSION = YES;
				CLANG_WARN_OBJC_ROOT_CLASS = YES_ERROR;
				CLANG_WARN_QUOTED_INCLUDE_IN_FRAMEWORK_HEADER = YES;
				CLANG_WARN_RANGE_LOOP_ANALYSIS = YES;
				CLANG_WARN_STRICT_PROTOTYPES = YES;
				CLANG_WARN_SUSPICIOUS_MOVE = YES;
				CLANG_WARN_UNGUARDED_AVAILABILITY = YES_AGGRESSIVE;
				CLANG_WARN_UNREACHABLE_CODE = YES;
				CLANG_WARN__DUPLICATE_METHOD_MATCH = YES;
				COPY_PHASE_STRIP = NO;
				DEBUG_INFORMATION_FORMAT = "dwarf-with-dsym";
				ENABLE_NS_ASSERTIONS = NO;
				ENABLE_STRICT_OBJC_MSGSEND = YES;
				GCC_C_LANGUAGE_STANDARD = gnu11;
				GCC_NO_COMMON_BLOCKS = YES;
				GCC_WARN_64_TO_32_BIT_CONVERSION = YES;
				GCC_WARN_ABOUT_RETURN_TYPE = YES_ERROR;
				GCC_WARN_UNDECLARED_SELECTOR = YES;
				GCC_WARN_UNINITIALIZED_AUTOS = YES_AGGRESSIVE;
				GCC_WARN_UNUSED_FUNCTION = YES;
				GCC_WARN_UNUSED_VARIABLE = YES;
				IPHONEOS_DEPLOYMENT_TARGET = 14.5;
				MTL_ENABLE_DEBUG_INFO = NO;
				MTL_FAST_MATH = YES;
				SDKROOT = iphoneos;
				SWIFT_COMPILATION_MODE = wholemodule;
				SWIFT_OPTIMIZATION_LEVEL = "-O";
				VALIDATE_PRODUCT = YES;
			};
			name = Release;
		};
		7A1E3B37274D5BD40057673E /* Debug */ = {
			isa = XCBuildConfiguration;
			baseConfigurationReference = D961C8BF5B372C55DC954D6F /* Pods-RCSInventory.debug.xcconfig */;
			buildSettings = {
				ASSETCATALOG_COMPILER_APPICON_NAME = AppIcon;
				ASSETCATALOG_COMPILER_GLOBAL_ACCENT_COLOR_NAME = AccentColor;
				CODE_SIGN_STYLE = Automatic;
				DEVELOPMENT_TEAM = HGR598U422;
				INFOPLIST_FILE = RCSInventory/Info.plist;
				LD_RUNPATH_SEARCH_PATHS = (
					"$(inherited)",
					"@executable_path/Frameworks",
				);
				PRODUCT_BUNDLE_IDENTIFIER = com.josecantillo.RCSInventory;
				PRODUCT_NAME = "$(TARGET_NAME)";
				SWIFT_VERSION = 5.0;
				TARGETED_DEVICE_FAMILY = "1,2";
			};
			name = Debug;
		};
		7A1E3B38274D5BD40057673E /* Release */ = {
			isa = XCBuildConfiguration;
			baseConfigurationReference = F837FEA389DB244BD7E40AF9 /* Pods-RCSInventory.release.xcconfig */;
			buildSettings = {
				ASSETCATALOG_COMPILER_APPICON_NAME = AppIcon;
				ASSETCATALOG_COMPILER_GLOBAL_ACCENT_COLOR_NAME = AccentColor;
				CODE_SIGN_STYLE = Automatic;
				DEVELOPMENT_TEAM = HGR598U422;
				INFOPLIST_FILE = RCSInventory/Info.plist;
				LD_RUNPATH_SEARCH_PATHS = (
					"$(inherited)",
					"@executable_path/Frameworks",
				);
				PRODUCT_BUNDLE_IDENTIFIER = com.josecantillo.RCSInventory;
				PRODUCT_NAME = "$(TARGET_NAME)";
				SWIFT_VERSION = 5.0;
				TARGETED_DEVICE_FAMILY = "1,2";
			};
			name = Release;
		};
/* End XCBuildConfiguration section */

/* Begin XCConfigurationList section */
		7A1E3B1D274D5BCF0057673E /* Build configuration list for PBXProject "RCSInventory" */ = {
			isa = XCConfigurationList;
			buildConfigurations = (
				7A1E3B34274D5BD40057673E /* Debug */,
				7A1E3B35274D5BD40057673E /* Release */,
			);
			defaultConfigurationIsVisible = 0;
			defaultConfigurationName = Release;
		};
		7A1E3B36274D5BD40057673E /* Build configuration list for PBXNativeTarget "RCSInventory" */ = {
			isa = XCConfigurationList;
			buildConfigurations = (
				7A1E3B37274D5BD40057673E /* Debug */,
				7A1E3B38274D5BD40057673E /* Release */,
			);
			defaultConfigurationIsVisible = 0;
			defaultConfigurationName = Release;
		};
/* End XCConfigurationList section */
	};
	rootObject = 7A1E3B1A274D5BCF0057673E /* Project object */;
}
